
Microsoft Visual Studio Solution File, Format Version 11.00
# Visual Studio 2010
Project("{FAE04EC0-301F-11D3-BF4B-00C04F79EFBC}") = "3DGame", "Assembly-CSharp.csproj", "{FA9178D6-5EB8-034D-FBFF-A344821AB08F}"
EndProject
Project("{FAE04EC0-301F-11D3-BF4B-00C04F79EFBC}") = "3DGame", "Assembly-CSharp-Editor.csproj", "{D87D23FA-8352-D118-68D0-C97F866C0082}"
EndProject
Project("{FAE04EC0-301F-11D3-BF4B-00C04F79EFBC}") = "3DGame.Editor", "3DGame.Editor.csproj", "{6CD630C1-ED8B-F08B-0D72-3AC2339E2BBB}"
EndProject
Global
	GlobalSection(SolutionConfigurationPlatforms) = preSolution
		Debug|Any CPU = Debug|Any CPU
		Release|Any CPU = Release|Any CPU
	EndGlobalSection
	GlobalSection(ProjectConfigurationPlatforms) = postSolution
<<<<<<< HEAD
		{151D1175-D00C-F1FE-FACF-4C444F3D58FB}.Debug|Any CPU.ActiveCfg = Debug|Any CPU
		{151D1175-D00C-F1FE-FACF-4C444F3D58FB}.Debug|Any CPU.Build.0 = Debug|Any CPU
		{151D1175-D00C-F1FE-FACF-4C444F3D58FB}.Release|Any CPU.ActiveCfg = Release|Any CPU
		{151D1175-D00C-F1FE-FACF-4C444F3D58FB}.Release|Any CPU.Build.0 = Release|Any CPU
		{6CD630C1-ED8B-F08B-0D72-3AC2339E2BBB}.Debug|Any CPU.ActiveCfg = Debug|Any CPU
		{6CD630C1-ED8B-F08B-0D72-3AC2339E2BBB}.Debug|Any CPU.Build.0 = Debug|Any CPU
		{6CD630C1-ED8B-F08B-0D72-3AC2339E2BBB}.Release|Any CPU.ActiveCfg = Release|Any CPU
		{6CD630C1-ED8B-F08B-0D72-3AC2339E2BBB}.Release|Any CPU.Build.0 = Release|Any CPU
		{6CD630C1-ED8B-F08B-0D72-3AC2339E2BBB}.Debug|Any CPU.ActiveCfg = Debug|Any CPU
		{6CD630C1-ED8B-F08B-0D72-3AC2339E2BBB}.Debug|Any CPU.Build.0 = Debug|Any CPU
		{6CD630C1-ED8B-F08B-0D72-3AC2339E2BBB}.Release|Any CPU.ActiveCfg = Release|Any CPU
		{6CD630C1-ED8B-F08B-0D72-3AC2339E2BBB}.Release|Any CPU.Build.0 = Release|Any CPU
=======
		{FA9178D6-5EB8-034D-FBFF-A344821AB08F}.Debug|Any CPU.ActiveCfg = Debug|Any CPU
		{FA9178D6-5EB8-034D-FBFF-A344821AB08F}.Debug|Any CPU.Build.0 = Debug|Any CPU
		{FA9178D6-5EB8-034D-FBFF-A344821AB08F}.Release|Any CPU.ActiveCfg = Release|Any CPU
		{FA9178D6-5EB8-034D-FBFF-A344821AB08F}.Release|Any CPU.Build.0 = Release|Any CPU
		{D87D23FA-8352-D118-68D0-C97F866C0082}.Debug|Any CPU.ActiveCfg = Debug|Any CPU
		{D87D23FA-8352-D118-68D0-C97F866C0082}.Debug|Any CPU.Build.0 = Debug|Any CPU
		{D87D23FA-8352-D118-68D0-C97F866C0082}.Release|Any CPU.ActiveCfg = Release|Any CPU
		{D87D23FA-8352-D118-68D0-C97F866C0082}.Release|Any CPU.Build.0 = Release|Any CPU
>>>>>>> 49e43a5e622b3211d29cbc4fff6bf2bbe40a0a14
	EndGlobalSection
	GlobalSection(SolutionProperties) = preSolution
		HideSolutionNode = FALSE
	EndGlobalSection
	GlobalSection(MonoDevelopProperties) = preSolution
		StartupItem = Assembly-CSharp.csproj
	EndGlobalSection
EndGlobal
