
Microsoft Visual Studio Solution File, Format Version 11.00
# Visual Studio 2010
Project("{FAE04EC0-301F-11D3-BF4B-00C04F79EFBC}") = "3DGame", "Assembly-CSharp.csproj", "{FA9178D6-5EB8-034D-FBFF-A344821AB08F}"
EndProject
Project("{FAE04EC0-301F-11D3-BF4B-00C04F79EFBC}") = "3DGame", "Assembly-CSharp-Editor.csproj", "{D87D23FA-8352-D118-68D0-C97F866C0082}"
EndProject
Global
	GlobalSection(SolutionConfigurationPlatforms) = preSolution
		Debug|Any CPU = Debug|Any CPU
		Release|Any CPU = Release|Any CPU
	EndGlobalSection
	GlobalSection(ProjectConfigurationPlatforms) = postSolution
		{FA9178D6-5EB8-034D-FBFF-A344821AB08F}.Debug|Any CPU.ActiveCfg = Debug|Any CPU
		{FA9178D6-5EB8-034D-FBFF-A344821AB08F}.Debug|Any CPU.Build.0 = Debug|Any CPU
		{FA9178D6-5EB8-034D-FBFF-A344821AB08F}.Release|Any CPU.ActiveCfg = Release|Any CPU
		{FA9178D6-5EB8-034D-FBFF-A344821AB08F}.Release|Any CPU.Build.0 = Release|Any CPU
		{D87D23FA-8352-D118-68D0-C97F866C0082}.Debug|Any CPU.ActiveCfg = Debug|Any CPU
		{D87D23FA-8352-D118-68D0-C97F866C0082}.Debug|Any CPU.Build.0 = Debug|Any CPU
		{D87D23FA-8352-D118-68D0-C97F866C0082}.Release|Any CPU.ActiveCfg = Release|Any CPU
		{D87D23FA-8352-D118-68D0-C97F866C0082}.Release|Any CPU.Build.0 = Release|Any CPU
	EndGlobalSection
	GlobalSection(SolutionProperties) = preSolution
		HideSolutionNode = FALSE
	EndGlobalSection
	GlobalSection(MonoDevelopProperties) = preSolution
		StartupItem = Assembly-CSharp.csproj
=======
	GlobalSection(ExtensibilityGlobals) = postSolution
		SolutionGuid = {63AD2C0A-82B9-4902-8C3B-9E07D7B92C5F}
>>>>>>> cdc1fc2d535ae64ce2d58e0c71b1d3ebcafc15d4
	EndGlobalSection
EndGlobal
